PODS:
  - AsyncSwift (2.0.0)
  - BSGridCollectionViewLayout (1.2.0)
  - BSImagePicker (2.5.0):
    - BSGridCollectionViewLayout (~> 1.2.0)
    - UIImageViewModeScaleAspect (~> 1.5.0)
  - Cent (6.0.3):
    - Dollar (~> 6.1.0)
  - DKChainableAnimationKit (2.0.0)
  - Dollar (6.1.0)
  - Fabric (1.6.11)
  - HanekeSwift (0.10.1)
  - imglyKit (5.0.6)
  - Player (0.2.2)
  - Simplicity (2.0.1)
  - Spring (1.0.3)
  - SQLite.swift (0.11.1):
    - SQLite.swift/standard (= 0.11.1)
  - SQLite.swift/standard (0.11.1)
  - SwiftHTTP (2.0.2)
  - TabPageViewController (0.2.1)
  - Toaster (2.0.1)
  - TwitterCore (2.5.0):
    - Fabric
  - TwitterKit (2.5.0):
    - TwitterCore (= 2.5.0)
  - UIImageViewModeScaleAspect (1.5)

DEPENDENCIES:
  - AsyncSwift
  - BSImagePicker (~> 2.4)
  - Cent
  - DKChainableAnimationKit (from `https://github.com/Draveness/DKChainableAnimationKit.git`, branch `master`)
  - Dollar
  - HanekeSwift (from `https://github.com/Haneke/HanekeSwift.git`, branch `feature/swift-3`)
  - imglyKit (~> 5.0)
  - Player (~> 0.2.0)
  - Simplicity
  - Spring (from `https://github.com/MengTo/Spring.git`, branch `swift3`)
  - SQLite.swift (from `https://github.com/stephencelis/SQLite.swift.git`, branch `prepare-0.11.1`)
  - SwiftHTTP (~> 2.0.0)
  - TabPageViewController (from `https://github.com/EndouMari/TabPageViewController.git`, branch `swift_3`)
  - Toaster (~> 2.0)
  - TwitterCore
  - TwitterKit

EXTERNAL SOURCES:
  DKChainableAnimationKit:
    :branch: master
    :git: https://github.com/Draveness/DKChainableAnimationKit.git
  HanekeSwift:
    :branch: feature/swift-3
    :git: https://github.com/Haneke/HanekeSwift.git
  Spring:
    :branch: swift3
    :git: https://github.com/MengTo/Spring.git
  SQLite.swift:
    :branch: prepare-0.11.1
    :git: https://github.com/stephencelis/SQLite.swift.git
  TabPageViewController:
    :branch: swift_3
    :git: https://github.com/EndouMari/TabPageViewController.git

CHECKOUT OPTIONS:
  DKChainableAnimationKit:
    :commit: 82b9d7ce1f12d8c44a6c9d8582c086d6ca400c8f
    :git: https://github.com/Draveness/DKChainableAnimationKit.git
  HanekeSwift:
    :commit: 1157a124ec699f4ad926cb054f1d0bfce88ae7a9
    :git: https://github.com/Haneke/HanekeSwift.git
  Spring:
    :commit: 3a9227c6e9157e7b47f5ac1ee5abab2a56b50002
    :git: https://github.com/MengTo/Spring.git
  SQLite.swift:
    :commit: d95a518178570c805bb18b971d264b8a48edbcf5
    :git: https://github.com/stephencelis/SQLite.swift.git
  TabPageViewController:
    :commit: 7e43c9ffae8b4cf4d3b81fc4a4e5317d334b6b3f
    :git: https://github.com/EndouMari/TabPageViewController.git

SPEC CHECKSUMS:
  AsyncSwift: 6ba6ed9ecb51344458063f7c86fe447ab824e313
  BSGridCollectionViewLayout: 8f12c8e1e08c47057f5a39a6828f4395f043d78f
  BSImagePicker: 9ad3385318ca0db7e792b51ea8929cfc39284c56
  Cent: 2e2deb7ced0fc6c4c320075ddd4f63ed8defd8db
  DKChainableAnimationKit: 20401b3ad31b57d90548bfdb214077f2d2d79d49
  Dollar: 0a9883680f2c1104adf0d19b827c3be71d3e3121
  Fabric: 5911403591946b8228ab1c51d98f1d7137e863c6
  HanekeSwift: 4113367892828e7700d24a384027de6ebc79aad1
  imglyKit: b78152c784cdcdf64297de33ad474bd7f13c7de9
  Player: 5cff076cc9f13b51f56b6fb7bed24431569b8102
  Simplicity: 58ce0c6569baf45e48ccd25432274ae899097517
  Spring: 3f02b5dc3308572ef177b3cad0fa7bbc4b0706f7
  SQLite.swift: 1af00c95130fba962653aa136e3ecb0b8890796b
  SwiftHTTP: faa1a5f7670568ffc9361898229dbe84a6088468
  TabPageViewController: a4b46480e21251000962abad071b538679dbc2ad
  Toaster: be65cd48e93a525b2a9cc4bd25a2bfc900e02d9f
  TwitterCore: 95c46af93112768a7983bd370d66023553601d01
  TwitterKit: dd8042698b0ff5bd3066fa919b3b2b50d8eed829
  UIImageViewModeScaleAspect: 11a790a0b9d248a13dc63e3a78991f1463b6d84e

PODFILE CHECKSUM: 5f616c7aa4e548e22b583f0d0f66f0780533d81a

COCOAPODS: 1.1.1
