// !$*UTF8*$!
{
	archiveVersion = 1;
	classes = {
	};
	objectVersion = 46;
	objects = {

/* Begin PBXBuildFile section */
		1A3E4DC31CD33B8F00105C3D /* VideoPost.swift in Sources */ = {isa = PBXBuildFile; fileRef = 1A3E4DC21CD33B8F00105C3D /* VideoPost.swift */; };
		1A3E4DC61CD3970000105C3D /* TripSummaryProfile.xib in Resources */ = {isa = PBXBuildFile; fileRef = 1A3E4DC51CD3970000105C3D /* TripSummaryProfile.xib */; };
		1A3E4DC81CD398BB00105C3D /* TripSummaryProfile.swift in Sources */ = {isa = PBXBuildFile; fileRef = 1A3E4DC71CD398BB00105C3D /* TripSummaryProfile.swift */; };
		1A4CA11E1CCE180C00EE9A90 /* AddCircle.xib in Resources */ = {isa = PBXBuildFile; fileRef = 1A4CA11D1CCE180C00EE9A90 /* AddCircle.xib */; };
		1A4CA1201CCE189200EE9A90 /* AddCircle.swift in Sources */ = {isa = PBXBuildFile; fileRef = 1A4CA11F1CCE189200EE9A90 /* AddCircle.swift */; };
		1A4CA1291CCE234200EE9A90 /* InfoCircle.xib in Resources */ = {isa = PBXBuildFile; fileRef = 1A4CA1281CCE234200EE9A90 /* InfoCircle.xib */; };
		1A4CA12B1CCE239000EE9A90 /* InfoCircle.swift in Sources */ = {isa = PBXBuildFile; fileRef = 1A4CA12A1CCE239000EE9A90 /* InfoCircle.swift */; };
		1A65E7A21CD72EB3009374DA /* fontawesome-webfont.ttf in Resources */ = {isa = PBXBuildFile; fileRef = 1A65E7A11CD72EB3009374DA /* fontawesome-webfont.ttf */; };
		1A65E7A81CD72F1F009374DA /* Avenir-Black.ttf in Resources */ = {isa = PBXBuildFile; fileRef = 1A65E7A31CD72F1F009374DA /* Avenir-Black.ttf */; };
		1A65E7A91CD72F1F009374DA /* Avenir-Heavy.ttf in Resources */ = {isa = PBXBuildFile; fileRef = 1A65E7A41CD72F1F009374DA /* Avenir-Heavy.ttf */; };
		1A65E7AA1CD72F1F009374DA /* Avenir-Light.ttf in Resources */ = {isa = PBXBuildFile; fileRef = 1A65E7A51CD72F1F009374DA /* Avenir-Light.ttf */; };
		1A65E7AB1CD72F1F009374DA /* Avenir-Medium.ttf in Resources */ = {isa = PBXBuildFile; fileRef = 1A65E7A61CD72F1F009374DA /* Avenir-Medium.ttf */; };
		1A65E7AC1CD72F1F009374DA /* Avenir-Roman.ttf in Resources */ = {isa = PBXBuildFile; fileRef = 1A65E7A71CD72F1F009374DA /* Avenir-Roman.ttf */; };
		1A6C0D961CCF915C00AB8B85 /* VideoPost.xib in Resources */ = {isa = PBXBuildFile; fileRef = 1A6C0D951CCF915C00AB8B85 /* VideoPost.xib */; };
		1A944E081CCB4567007EB5BD /* AppDelegate.swift in Sources */ = {isa = PBXBuildFile; fileRef = 1A944E071CCB4567007EB5BD /* AppDelegate.swift */; };
		1A944E0A1CCB4567007EB5BD /* OTGAddNewViewController.swift in Sources */ = {isa = PBXBuildFile; fileRef = 1A944E091CCB4567007EB5BD /* OTGAddNewViewController.swift */; };
		1A944E0D1CCB4567007EB5BD /* Main.storyboard in Resources */ = {isa = PBXBuildFile; fileRef = 1A944E0B1CCB4567007EB5BD /* Main.storyboard */; };
		1A944E0F1CCB4567007EB5BD /* Assets.xcassets in Resources */ = {isa = PBXBuildFile; fileRef = 1A944E0E1CCB4567007EB5BD /* Assets.xcassets */; };
		1A944E121CCB4567007EB5BD /* LaunchScreen.storyboard in Resources */ = {isa = PBXBuildFile; fileRef = 1A944E101CCB4567007EB5BD /* LaunchScreen.storyboard */; };
		1A944E1D1CCB4567007EB5BD /* TraveLibroTests.swift in Sources */ = {isa = PBXBuildFile; fileRef = 1A944E1C1CCB4567007EB5BD /* TraveLibroTests.swift */; };
		1A944E281CCB4567007EB5BD /* TraveLibroUITests.swift in Sources */ = {isa = PBXBuildFile; fileRef = 1A944E271CCB4567007EB5BD /* TraveLibroUITests.swift */; };
		1A944E381CCB5AFA007EB5BD /* FooterView.xib in Resources */ = {isa = PBXBuildFile; fileRef = 1A944E371CCB5AFA007EB5BD /* FooterView.xib */; };
		1A944E3A1CCB5B88007EB5BD /* FooterView.swift in Sources */ = {isa = PBXBuildFile; fileRef = 1A944E391CCB5B88007EB5BD /* FooterView.swift */; };
		1A944E3D1CCB5D92007EB5BD /* OrangeButton.xib in Resources */ = {isa = PBXBuildFile; fileRef = 1A944E3C1CCB5D92007EB5BD /* OrangeButton.xib */; };
		1A944E441CCB668C007EB5BD /* OrangeButton.swift in Sources */ = {isa = PBXBuildFile; fileRef = 1A944E431CCB668C007EB5BD /* OrangeButton.swift */; };
		1A944E471CCB8C8B007EB5BD /* JourneyTitleView.xib in Resources */ = {isa = PBXBuildFile; fileRef = 1A944E461CCB8C8B007EB5BD /* JourneyTitleView.xib */; };
		1A944E491CCB8C9F007EB5BD /* JourneyTitleView.swift in Sources */ = {isa = PBXBuildFile; fileRef = 1A944E481CCB8C9F007EB5BD /* JourneyTitleView.swift */; };
		C20A39961CE34AD0002EF1E6 /* FriendView.xib in Resources */ = {isa = PBXBuildFile; fileRef = C20A39951CE34AD0002EF1E6 /* FriendView.xib */; };
		C20A39981CE34C8D002EF1E6 /* FriendView.swift in Sources */ = {isa = PBXBuildFile; fileRef = C20A39971CE34C8D002EF1E6 /* FriendView.swift */; };
		C25443501CD7391900C2C6CD /* OnTheGoViewController.swift in Sources */ = {isa = PBXBuildFile; fileRef = C254434F1CD7391900C2C6CD /* OnTheGoViewController.swift */; };
		C25443531CD740D200C2C6CD /* StartJourneyImage.xib in Resources */ = {isa = PBXBuildFile; fileRef = C25443521CD740D200C2C6CD /* StartJourneyImage.xib */; };
		C25443551CD75F2900C2C6CD /* drawLine.swift in Sources */ = {isa = PBXBuildFile; fileRef = C25443541CD75F2900C2C6CD /* drawLine.swift */; };
		C2776A281CD785DF00FE066A /* ShoesOTG.xib in Resources */ = {isa = PBXBuildFile; fileRef = C2776A271CD785DF00FE066A /* ShoesOTG.xib */; };
		C2776A2B1CD78B5100FE066A /* ShoesOTG.swift in Sources */ = {isa = PBXBuildFile; fileRef = C2776A2A1CD78B5100FE066A /* ShoesOTG.swift */; };
		C284277C1CE07445003672E9 /* Styles.swift in Sources */ = {isa = PBXBuildFile; fileRef = C284277B1CE07445003672E9 /* Styles.swift */; };
		C2C30D641CE1C9C5001189FC /* AddFriendsViewController.swift in Sources */ = {isa = PBXBuildFile; fileRef = C2C30D631CE1C9C5001189FC /* AddFriendsViewController.swift */; };
		C2C30D661CE1CD9F001189FC /* AddFriendsViewCell.swift in Sources */ = {isa = PBXBuildFile; fileRef = C2C30D651CE1CD9F001189FC /* AddFriendsViewCell.swift */; };
		C2C965961CE458B7007BDA34 /* Date&Time.xib in Resources */ = {isa = PBXBuildFile; fileRef = C2C965951CE458B7007BDA34 /* Date&Time.xib */; };
		C2C965991CE45A51007BDA34 /* Date&Time.swift in Sources */ = {isa = PBXBuildFile; fileRef = C2C965981CE45A51007BDA34 /* Date&Time.swift */; };
		C2C9659B1CE4979D007BDA34 /* CheckInViewController.swift in Sources */ = {isa = PBXBuildFile; fileRef = C2C9659A1CE4979D007BDA34 /* CheckInViewController.swift */; };
		C2C9659D1CE4AEB2007BDA34 /* ThoughtsViewController.swift in Sources */ = {isa = PBXBuildFile; fileRef = C2C9659C1CE4AEB2007BDA34 /* ThoughtsViewController.swift */; };
		C2CE37D11CDC62EB00A47E70 /* TypeOfJourney.swift in Sources */ = {isa = PBXBuildFile; fileRef = C2CE37D01CDC62EB00A47E70 /* TypeOfJourney.swift */; };
		C2D67FF71CE5FD7500454A46 /* CollectionViewController.swift in Sources */ = {isa = PBXBuildFile; fileRef = C2D67FF61CE5FD7500454A46 /* CollectionViewController.swift */; };
		C2DA2B5B1CE6076600F15C5C /* MyCollectionViewCell.swift in Sources */ = {isa = PBXBuildFile; fileRef = C2DA2B5A1CE6076600F15C5C /* MyCollectionViewCell.swift */; };
		C2DCB2371CE30ED0000E40DD /* TripSummaryViewController.swift in Sources */ = {isa = PBXBuildFile; fileRef = C2DCB2361CE30ED0000E40DD /* TripSummaryViewController.swift */; };
		C2DCB2391CE32152000E40DD /* GetFooter.swift in Sources */ = {isa = PBXBuildFile; fileRef = C2DCB2381CE32152000E40DD /* GetFooter.swift */; };
		C2DCB36A1CE701A4006E5CBD /* TripSummaryItinerary.xib in Resources */ = {isa = PBXBuildFile; fileRef = C2DCB3691CE701A4006E5CBD /* TripSummaryItinerary.xib */; };
		C2DCB36C1CE7043C006E5CBD /* TripSummaryItinerary.swift in Sources */ = {isa = PBXBuildFile; fileRef = C2DCB36B1CE7043C006E5CBD /* TripSummaryItinerary.swift */; };
		C2DCB36E1CE723C3006E5CBD /* RatingReviewViewController.swift in Sources */ = {isa = PBXBuildFile; fileRef = C2DCB36D1CE723C3006E5CBD /* RatingReviewViewController.swift */; };
		C2E45CE91CE5A1340096BDD1 /* IconButton.xib in Resources */ = {isa = PBXBuildFile; fileRef = C2E45CE81CE5A1340096BDD1 /* IconButton.xib */; };
		C2E45CEB1CE5A22B0096BDD1 /* IconButton.swift in Sources */ = {isa = PBXBuildFile; fileRef = C2E45CEA1CE5A22B0096BDD1 /* IconButton.swift */; };
		C2EA3A0D1CDB1DF500122941 /* TextLabelView.xib in Resources */ = {isa = PBXBuildFile; fileRef = C2EA3A0C1CDB1DF500122941 /* TextLabelView.xib */; };
		C2EA3A141CDB228F00122941 /* TextLabelView.swift in Sources */ = {isa = PBXBuildFile; fileRef = C2EA3A131CDB228F00122941 /* TextLabelView.swift */; };
		C2EA3A161CDB3B9900122941 /* TextField.swift in Sources */ = {isa = PBXBuildFile; fileRef = C2EA3A151CDB3B9900122941 /* TextField.swift */; };
		C2EA3A191CDB3C1200122941 /* TextField.xib in Resources */ = {isa = PBXBuildFile; fileRef = C2EA3A181CDB3C1200122941 /* TextField.xib */; };
		C2EA3A1B1CDB790000122941 /* TypeOfJourney.xib in Resources */ = {isa = PBXBuildFile; fileRef = C2EA3A1A1CDB790000122941 /* TypeOfJourney.xib */; };
/* End PBXBuildFile section */

/* Begin PBXContainerItemProxy section */
		1A944E191CCB4567007EB5BD /* PBXContainerItemProxy */ = {
			isa = PBXContainerItemProxy;
			containerPortal = 1A944DFC1CCB4567007EB5BD /* Project object */;
			proxyType = 1;
			remoteGlobalIDString = 1A944E031CCB4567007EB5BD;
			remoteInfo = TraveLibro;
		};
		1A944E241CCB4567007EB5BD /* PBXContainerItemProxy */ = {
			isa = PBXContainerItemProxy;
			containerPortal = 1A944DFC1CCB4567007EB5BD /* Project object */;
			proxyType = 1;
			remoteGlobalIDString = 1A944E031CCB4567007EB5BD;
			remoteInfo = TraveLibro;
		};
/* End PBXContainerItemProxy section */

/* Begin PBXFileReference section */
		1A3E4DC21CD33B8F00105C3D /* VideoPost.swift */ = {isa = PBXFileReference; fileEncoding = 4; lastKnownFileType = sourcecode.swift; path = VideoPost.swift; sourceTree = "<group>"; };
		1A3E4DC51CD3970000105C3D /* TripSummaryProfile.xib */ = {isa = PBXFileReference; fileEncoding = 4; lastKnownFileType = file.xib; path = TripSummaryProfile.xib; sourceTree = "<group>"; };
		1A3E4DC71CD398BB00105C3D /* TripSummaryProfile.swift */ = {isa = PBXFileReference; fileEncoding = 4; lastKnownFileType = sourcecode.swift; path = TripSummaryProfile.swift; sourceTree = "<group>"; };
		1A4CA11D1CCE180C00EE9A90 /* AddCircle.xib */ = {isa = PBXFileReference; fileEncoding = 4; lastKnownFileType = file.xib; path = AddCircle.xib; sourceTree = "<group>"; };
		1A4CA11F1CCE189200EE9A90 /* AddCircle.swift */ = {isa = PBXFileReference; fileEncoding = 4; lastKnownFileType = sourcecode.swift; path = AddCircle.swift; sourceTree = "<group>"; };
		1A4CA1281CCE234200EE9A90 /* InfoCircle.xib */ = {isa = PBXFileReference; fileEncoding = 4; lastKnownFileType = file.xib; path = InfoCircle.xib; sourceTree = "<group>"; };
		1A4CA12A1CCE239000EE9A90 /* InfoCircle.swift */ = {isa = PBXFileReference; fileEncoding = 4; lastKnownFileType = sourcecode.swift; path = InfoCircle.swift; sourceTree = "<group>"; };
		1A65E7A11CD72EB3009374DA /* fontawesome-webfont.ttf */ = {isa = PBXFileReference; lastKnownFileType = file; path = "fontawesome-webfont.ttf"; sourceTree = "<group>"; };
		1A65E7A31CD72F1F009374DA /* Avenir-Black.ttf */ = {isa = PBXFileReference; lastKnownFileType = file; path = "Avenir-Black.ttf"; sourceTree = "<group>"; };
		1A65E7A41CD72F1F009374DA /* Avenir-Heavy.ttf */ = {isa = PBXFileReference; lastKnownFileType = file; path = "Avenir-Heavy.ttf"; sourceTree = "<group>"; };
		1A65E7A51CD72F1F009374DA /* Avenir-Light.ttf */ = {isa = PBXFileReference; lastKnownFileType = file; path = "Avenir-Light.ttf"; sourceTree = "<group>"; };
		1A65E7A61CD72F1F009374DA /* Avenir-Medium.ttf */ = {isa = PBXFileReference; lastKnownFileType = file; path = "Avenir-Medium.ttf"; sourceTree = "<group>"; };
		1A65E7A71CD72F1F009374DA /* Avenir-Roman.ttf */ = {isa = PBXFileReference; lastKnownFileType = file; path = "Avenir-Roman.ttf"; sourceTree = "<group>"; };
		1A6C0D951CCF915C00AB8B85 /* VideoPost.xib */ = {isa = PBXFileReference; fileEncoding = 4; lastKnownFileType = file.xib; path = VideoPost.xib; sourceTree = "<group>"; };
		1A944E041CCB4567007EB5BD /* TraveLibro.app */ = {isa = PBXFileReference; explicitFileType = wrapper.application; includeInIndex = 0; path = TraveLibro.app; sourceTree = BUILT_PRODUCTS_DIR; };
		1A944E071CCB4567007EB5BD /* AppDelegate.swift */ = {isa = PBXFileReference; lastKnownFileType = sourcecode.swift; path = AppDelegate.swift; sourceTree = "<group>"; };
		1A944E091CCB4567007EB5BD /* OTGAddNewViewController.swift */ = {isa = PBXFileReference; lastKnownFileType = sourcecode.swift; path = OTGAddNewViewController.swift; sourceTree = "<group>"; };
		1A944E0C1CCB4567007EB5BD /* Base */ = {isa = PBXFileReference; lastKnownFileType = file.storyboard; name = Base; path = Base.lproj/Main.storyboard; sourceTree = "<group>"; };
		1A944E0E1CCB4567007EB5BD /* Assets.xcassets */ = {isa = PBXFileReference; lastKnownFileType = folder.assetcatalog; path = Assets.xcassets; sourceTree = "<group>"; };
		1A944E111CCB4567007EB5BD /* Base */ = {isa = PBXFileReference; lastKnownFileType = file.storyboard; name = Base; path = Base.lproj/LaunchScreen.storyboard; sourceTree = "<group>"; };
		1A944E131CCB4567007EB5BD /* Info.plist */ = {isa = PBXFileReference; lastKnownFileType = text.plist.xml; path = Info.plist; sourceTree = "<group>"; };
		1A944E181CCB4567007EB5BD /* TraveLibroTests.xctest */ = {isa = PBXFileReference; explicitFileType = wrapper.cfbundle; includeInIndex = 0; path = TraveLibroTests.xctest; sourceTree = BUILT_PRODUCTS_DIR; };
		1A944E1C1CCB4567007EB5BD /* TraveLibroTests.swift */ = {isa = PBXFileReference; lastKnownFileType = sourcecode.swift; path = TraveLibroTests.swift; sourceTree = "<group>"; };
		1A944E1E1CCB4567007EB5BD /* Info.plist */ = {isa = PBXFileReference; lastKnownFileType = text.plist.xml; path = Info.plist; sourceTree = "<group>"; };
		1A944E231CCB4567007EB5BD /* TraveLibroUITests.xctest */ = {isa = PBXFileReference; explicitFileType = wrapper.cfbundle; includeInIndex = 0; path = TraveLibroUITests.xctest; sourceTree = BUILT_PRODUCTS_DIR; };
		1A944E271CCB4567007EB5BD /* TraveLibroUITests.swift */ = {isa = PBXFileReference; lastKnownFileType = sourcecode.swift; path = TraveLibroUITests.swift; sourceTree = "<group>"; };
		1A944E291CCB4567007EB5BD /* Info.plist */ = {isa = PBXFileReference; lastKnownFileType = text.plist.xml; path = Info.plist; sourceTree = "<group>"; };
		1A944E371CCB5AFA007EB5BD /* FooterView.xib */ = {isa = PBXFileReference; fileEncoding = 4; lastKnownFileType = file.xib; path = FooterView.xib; sourceTree = "<group>"; };
		1A944E391CCB5B88007EB5BD /* FooterView.swift */ = {isa = PBXFileReference; fileEncoding = 4; lastKnownFileType = sourcecode.swift; path = FooterView.swift; sourceTree = "<group>"; };
		1A944E3C1CCB5D92007EB5BD /* OrangeButton.xib */ = {isa = PBXFileReference; fileEncoding = 4; lastKnownFileType = file.xib; path = OrangeButton.xib; sourceTree = "<group>"; };
		1A944E431CCB668C007EB5BD /* OrangeButton.swift */ = {isa = PBXFileReference; fileEncoding = 4; lastKnownFileType = sourcecode.swift; path = OrangeButton.swift; sourceTree = "<group>"; };
		1A944E461CCB8C8B007EB5BD /* JourneyTitleView.xib */ = {isa = PBXFileReference; fileEncoding = 4; lastKnownFileType = file.xib; path = JourneyTitleView.xib; sourceTree = "<group>"; };
		1A944E481CCB8C9F007EB5BD /* JourneyTitleView.swift */ = {isa = PBXFileReference; fileEncoding = 4; lastKnownFileType = sourcecode.swift; path = JourneyTitleView.swift; sourceTree = "<group>"; };
		C20A39951CE34AD0002EF1E6 /* FriendView.xib */ = {isa = PBXFileReference; fileEncoding = 4; lastKnownFileType = file.xib; name = FriendView.xib; path = ../FriendView.xib; sourceTree = "<group>"; };
		C20A39971CE34C8D002EF1E6 /* FriendView.swift */ = {isa = PBXFileReference; fileEncoding = 4; lastKnownFileType = sourcecode.swift; name = FriendView.swift; path = ../FriendView.swift; sourceTree = "<group>"; };
		C254434F1CD7391900C2C6CD /* OnTheGoViewController.swift */ = {isa = PBXFileReference; fileEncoding = 4; lastKnownFileType = sourcecode.swift; path = OnTheGoViewController.swift; sourceTree = "<group>"; };
		C25443521CD740D200C2C6CD /* StartJourneyImage.xib */ = {isa = PBXFileReference; fileEncoding = 4; lastKnownFileType = file.xib; path = StartJourneyImage.xib; sourceTree = "<group>"; };
		C25443541CD75F2900C2C6CD /* drawLine.swift */ = {isa = PBXFileReference; fileEncoding = 4; lastKnownFileType = sourcecode.swift; path = drawLine.swift; sourceTree = "<group>"; };
		C2776A271CD785DF00FE066A /* ShoesOTG.xib */ = {isa = PBXFileReference; fileEncoding = 4; lastKnownFileType = file.xib; path = ShoesOTG.xib; sourceTree = "<group>"; };
		C2776A2A1CD78B5100FE066A /* ShoesOTG.swift */ = {isa = PBXFileReference; fileEncoding = 4; lastKnownFileType = sourcecode.swift; path = ShoesOTG.swift; sourceTree = "<group>"; };
		C284277B1CE07445003672E9 /* Styles.swift */ = {isa = PBXFileReference; fileEncoding = 4; lastKnownFileType = sourcecode.swift; path = Styles.swift; sourceTree = "<group>"; };
		C2C30D631CE1C9C5001189FC /* AddFriendsViewController.swift */ = {isa = PBXFileReference; fileEncoding = 4; lastKnownFileType = sourcecode.swift; path = AddFriendsViewController.swift; sourceTree = "<group>"; };
		C2C30D651CE1CD9F001189FC /* AddFriendsViewCell.swift */ = {isa = PBXFileReference; fileEncoding = 4; lastKnownFileType = sourcecode.swift; path = AddFriendsViewCell.swift; sourceTree = "<group>"; };
		C2C965951CE458B7007BDA34 /* Date&Time.xib */ = {isa = PBXFileReference; fileEncoding = 4; lastKnownFileType = file.xib; path = "Date&Time.xib"; sourceTree = "<group>"; };
		C2C965981CE45A51007BDA34 /* Date&Time.swift */ = {isa = PBXFileReference; fileEncoding = 4; lastKnownFileType = sourcecode.swift; path = "Date&Time.swift"; sourceTree = "<group>"; };
		C2C9659A1CE4979D007BDA34 /* CheckInViewController.swift */ = {isa = PBXFileReference; fileEncoding = 4; lastKnownFileType = sourcecode.swift; path = CheckInViewController.swift; sourceTree = "<group>"; };
		C2C9659C1CE4AEB2007BDA34 /* ThoughtsViewController.swift */ = {isa = PBXFileReference; fileEncoding = 4; lastKnownFileType = sourcecode.swift; path = ThoughtsViewController.swift; sourceTree = "<group>"; };
		C2CE37D01CDC62EB00A47E70 /* TypeOfJourney.swift */ = {isa = PBXFileReference; fileEncoding = 4; lastKnownFileType = sourcecode.swift; path = TypeOfJourney.swift; sourceTree = "<group>"; };
		C2D67FF61CE5FD7500454A46 /* CollectionViewController.swift */ = {isa = PBXFileReference; fileEncoding = 4; lastKnownFileType = sourcecode.swift; path = CollectionViewController.swift; sourceTree = "<group>"; };
		C2DA2B5A1CE6076600F15C5C /* MyCollectionViewCell.swift */ = {isa = PBXFileReference; fileEncoding = 4; lastKnownFileType = sourcecode.swift; path = MyCollectionViewCell.swift; sourceTree = "<group>"; };
		C2DCB2361CE30ED0000E40DD /* TripSummaryViewController.swift */ = {isa = PBXFileReference; fileEncoding = 4; lastKnownFileType = sourcecode.swift; path = TripSummaryViewController.swift; sourceTree = "<group>"; };
		C2DCB2381CE32152000E40DD /* GetFooter.swift */ = {isa = PBXFileReference; fileEncoding = 4; lastKnownFileType = sourcecode.swift; path = GetFooter.swift; sourceTree = "<group>"; };
		C2DCB3691CE701A4006E5CBD /* TripSummaryItinerary.xib */ = {isa = PBXFileReference; fileEncoding = 4; lastKnownFileType = file.xib; path = TripSummaryItinerary.xib; sourceTree = "<group>"; };
		C2DCB36B1CE7043C006E5CBD /* TripSummaryItinerary.swift */ = {isa = PBXFileReference; fileEncoding = 4; lastKnownFileType = sourcecode.swift; path = TripSummaryItinerary.swift; sourceTree = "<group>"; };
		C2DCB36D1CE723C3006E5CBD /* RatingReviewViewController.swift */ = {isa = PBXFileReference; fileEncoding = 4; lastKnownFileType = sourcecode.swift; path = RatingReviewViewController.swift; sourceTree = "<group>"; };
		C2E45CE81CE5A1340096BDD1 /* IconButton.xib */ = {isa = PBXFileReference; fileEncoding = 4; lastKnownFileType = file.xib; path = IconButton.xib; sourceTree = "<group>"; };
		C2E45CEA1CE5A22B0096BDD1 /* IconButton.swift */ = {isa = PBXFileReference; fileEncoding = 4; lastKnownFileType = sourcecode.swift; path = IconButton.swift; sourceTree = "<group>"; };
		C2EA3A0C1CDB1DF500122941 /* TextLabelView.xib */ = {isa = PBXFileReference; fileEncoding = 4; lastKnownFileType = file.xib; name = TextLabelView.xib; path = ../TextLabelView.xib; sourceTree = "<group>"; };
		C2EA3A131CDB228F00122941 /* TextLabelView.swift */ = {isa = PBXFileReference; fileEncoding = 4; lastKnownFileType = sourcecode.swift; path = TextLabelView.swift; sourceTree = "<group>"; };
		C2EA3A151CDB3B9900122941 /* TextField.swift */ = {isa = PBXFileReference; fileEncoding = 4; lastKnownFileType = sourcecode.swift; path = TextField.swift; sourceTree = "<group>"; };
		C2EA3A181CDB3C1200122941 /* TextField.xib */ = {isa = PBXFileReference; fileEncoding = 4; lastKnownFileType = file.xib; path = TextField.xib; sourceTree = "<group>"; };
		C2EA3A1A1CDB790000122941 /* TypeOfJourney.xib */ = {isa = PBXFileReference; fileEncoding = 4; lastKnownFileType = file.xib; path = TypeOfJourney.xib; sourceTree = "<group>"; };
/* End PBXFileReference section */

/* Begin PBXFrameworksBuildPhase section */
		1A944E011CCB4567007EB5BD /* Frameworks */ = {
			isa = PBXFrameworksBuildPhase;
			buildActionMask = 2147483647;
			files = (
			);
			runOnlyForDeploymentPostprocessing = 0;
		};
		1A944E151CCB4567007EB5BD /* Frameworks */ = {
			isa = PBXFrameworksBuildPhase;
			buildActionMask = 2147483647;
			files = (
			);
			runOnlyForDeploymentPostprocessing = 0;
		};
		1A944E201CCB4567007EB5BD /* Frameworks */ = {
			isa = PBXFrameworksBuildPhase;
			buildActionMask = 2147483647;
			files = (
			);
			runOnlyForDeploymentPostprocessing = 0;
		};
/* End PBXFrameworksBuildPhase section */

/* Begin PBXGroup section */
		1A3E4DC41CD396C600105C3D /* TripSummaryProfile */ = {
			isa = PBXGroup;
			children = (
				1A3E4DC51CD3970000105C3D /* TripSummaryProfile.xib */,
				1A3E4DC71CD398BB00105C3D /* TripSummaryProfile.swift */,
				C2DCB3691CE701A4006E5CBD /* TripSummaryItinerary.xib */,
				C2DCB36B1CE7043C006E5CBD /* TripSummaryItinerary.swift */,
			);
			name = TripSummaryProfile;
			sourceTree = "<group>";
		};
		1A4CA11C1CCE17F900EE9A90 /* AddCircle */ = {
			isa = PBXGroup;
			children = (
				1A4CA11D1CCE180C00EE9A90 /* AddCircle.xib */,
				1A4CA11F1CCE189200EE9A90 /* AddCircle.swift */,
			);
			name = AddCircle;
			sourceTree = "<group>";
		};
		1A4CA1271CCE22CF00EE9A90 /* InfoCircle */ = {
			isa = PBXGroup;
			children = (
				1A4CA1281CCE234200EE9A90 /* InfoCircle.xib */,
				1A4CA12A1CCE239000EE9A90 /* InfoCircle.swift */,
			);
			name = InfoCircle;
			sourceTree = "<group>";
		};
		1A6C0D941CCF912100AB8B85 /* VideoPost */ = {
			isa = PBXGroup;
			children = (
				1A6C0D951CCF915C00AB8B85 /* VideoPost.xib */,
				1A3E4DC21CD33B8F00105C3D /* VideoPost.swift */,
			);
			name = VideoPost;
			sourceTree = "<group>";
		};
		1A944DFB1CCB4567007EB5BD = {
			isa = PBXGroup;
			children = (
				1A944E061CCB4567007EB5BD /* TraveLibro */,
				1A944E1B1CCB4567007EB5BD /* TraveLibroTests */,
				1A944E261CCB4567007EB5BD /* TraveLibroUITests */,
				1A944E051CCB4567007EB5BD /* Products */,
			);
			sourceTree = "<group>";
		};
		1A944E051CCB4567007EB5BD /* Products */ = {
			isa = PBXGroup;
			children = (
				1A944E041CCB4567007EB5BD /* TraveLibro.app */,
				1A944E181CCB4567007EB5BD /* TraveLibroTests.xctest */,
				1A944E231CCB4567007EB5BD /* TraveLibroUITests.xctest */,
			);
			name = Products;
			sourceTree = "<group>";
		};
		1A944E061CCB4567007EB5BD /* TraveLibro */ = {
			isa = PBXGroup;
			children = (
				1A944E3E1CCB6297007EB5BD /* Fonts */,
				1A944E071CCB4567007EB5BD /* AppDelegate.swift */,
				C25443511CD7392000C2C6CD /* Controllers */,
				1A944E351CCB5A0C007EB5BD /* UIViews */,
				1A944E0B1CCB4567007EB5BD /* Main.storyboard */,
				C2DCB36D1CE723C3006E5CBD /* RatingReviewViewController.swift */,
				C25443521CD740D200C2C6CD /* StartJourneyImage.xib */,
				1A944E0E1CCB4567007EB5BD /* Assets.xcassets */,
				1A944E101CCB4567007EB5BD /* LaunchScreen.storyboard */,
				1A944E131CCB4567007EB5BD /* Info.plist */,
			);
			path = TraveLibro;
			sourceTree = "<group>";
		};
		1A944E1B1CCB4567007EB5BD /* TraveLibroTests */ = {
			isa = PBXGroup;
			children = (
				1A944E1C1CCB4567007EB5BD /* TraveLibroTests.swift */,
				1A944E1E1CCB4567007EB5BD /* Info.plist */,
			);
			path = TraveLibroTests;
			sourceTree = "<group>";
		};
		1A944E261CCB4567007EB5BD /* TraveLibroUITests */ = {
			isa = PBXGroup;
			children = (
				1A944E271CCB4567007EB5BD /* TraveLibroUITests.swift */,
				1A944E291CCB4567007EB5BD /* Info.plist */,
			);
			path = TraveLibroUITests;
			sourceTree = "<group>";
		};
		1A944E351CCB5A0C007EB5BD /* UIViews */ = {
			isa = PBXGroup;
			children = (
				C2D67FF81CE5FDA000454A46 /* IconButton */,
				C2C965971CE459BB007BDA34 /* Date&Time */,
				C20A39991CE34CA6002EF1E6 /* FriendView */,
				C20A39941CE348D3002EF1E6 /* Footer */,
				C2EA3A1C1CDB81CE00122941 /* TypeOfJourney */,
				C2EA3A171CDB3BE300122941 /* TextField */,
				C2EA3A0E1CDB1E6400122941 /* TextLabel */,
				C2776A291CD7863F00FE066A /* ShoesOTG */,
				C2776A261CD77DEE00FE066A /* DrawLineOTG */,
				1A3E4DC41CD396C600105C3D /* TripSummaryProfile */,
				1A6C0D941CCF912100AB8B85 /* VideoPost */,
				1A4CA1271CCE22CF00EE9A90 /* InfoCircle */,
				1A4CA11C1CCE17F900EE9A90 /* AddCircle */,
				1A944E451CCB8862007EB5BD /* JourneyTitleView */,
				1A944E3B1CCB5D79007EB5BD /* OrangeButton */,
			);
			name = UIViews;
			sourceTree = "<group>";
		};
		1A944E361CCB5AA7007EB5BD /* FooterView */ = {
			isa = PBXGroup;
			children = (
				1A944E371CCB5AFA007EB5BD /* FooterView.xib */,
				1A944E391CCB5B88007EB5BD /* FooterView.swift */,
			);
			name = FooterView;
			sourceTree = "<group>";
		};
		1A944E3B1CCB5D79007EB5BD /* OrangeButton */ = {
			isa = PBXGroup;
			children = (
				1A944E3C1CCB5D92007EB5BD /* OrangeButton.xib */,
				1A944E431CCB668C007EB5BD /* OrangeButton.swift */,
			);
			name = OrangeButton;
			sourceTree = "<group>";
		};
		1A944E3E1CCB6297007EB5BD /* Fonts */ = {
			isa = PBXGroup;
			children = (
				1A65E7A11CD72EB3009374DA /* fontawesome-webfont.ttf */,
				1A65E7A31CD72F1F009374DA /* Avenir-Black.ttf */,
				1A65E7A41CD72F1F009374DA /* Avenir-Heavy.ttf */,
				1A65E7A51CD72F1F009374DA /* Avenir-Light.ttf */,
				1A65E7A61CD72F1F009374DA /* Avenir-Medium.ttf */,
				1A65E7A71CD72F1F009374DA /* Avenir-Roman.ttf */,
			);
			name = Fonts;
			sourceTree = "<group>";
		};
		1A944E451CCB8862007EB5BD /* JourneyTitleView */ = {
			isa = PBXGroup;
			children = (
				1A944E461CCB8C8B007EB5BD /* JourneyTitleView.xib */,
				1A944E481CCB8C9F007EB5BD /* JourneyTitleView.swift */,
			);
			name = JourneyTitleView;
			sourceTree = "<group>";
		};
		C20A39941CE348D3002EF1E6 /* Footer */ = {
			isa = PBXGroup;
			children = (
				C2DCB2381CE32152000E40DD /* GetFooter.swift */,
				1A944E361CCB5AA7007EB5BD /* FooterView */,
			);
			name = Footer;
			sourceTree = "<group>";
		};
		C20A39991CE34CA6002EF1E6 /* FriendView */ = {
			isa = PBXGroup;
			children = (
				C20A39951CE34AD0002EF1E6 /* FriendView.xib */,
				C20A39971CE34C8D002EF1E6 /* FriendView.swift */,
			);
			name = FriendView;
			sourceTree = "<group>";
		};
		C25443511CD7392000C2C6CD /* Controllers */ = {
			isa = PBXGroup;
			children = (
				1A944E091CCB4567007EB5BD /* OTGAddNewViewController.swift */,
				C284277B1CE07445003672E9 /* Styles.swift */,
				C254434F1CD7391900C2C6CD /* OnTheGoViewController.swift */,
				C2C9659C1CE4AEB2007BDA34 /* ThoughtsViewController.swift */,
				C2C30D631CE1C9C5001189FC /* AddFriendsViewController.swift */,
				C2C30D651CE1CD9F001189FC /* AddFriendsViewCell.swift */,
				C2D67FF61CE5FD7500454A46 /* CollectionViewController.swift */,
				C2DA2B5A1CE6076600F15C5C /* MyCollectionViewCell.swift */,
				C2DCB2361CE30ED0000E40DD /* TripSummaryViewController.swift */,
				C2C9659A1CE4979D007BDA34 /* CheckInViewController.swift */,
			);
			name = Controllers;
			sourceTree = "<group>";
		};
		C2776A261CD77DEE00FE066A /* DrawLineOTG */ = {
			isa = PBXGroup;
			children = (
				C25443541CD75F2900C2C6CD /* drawLine.swift */,
			);
			name = DrawLineOTG;
			sourceTree = "<group>";
		};
		C2776A291CD7863F00FE066A /* ShoesOTG */ = {
			isa = PBXGroup;
			children = (
				C2776A271CD785DF00FE066A /* ShoesOTG.xib */,
				C2776A2A1CD78B5100FE066A /* ShoesOTG.swift */,
			);
			name = ShoesOTG;
			sourceTree = "<group>";
		};
		C2C965971CE459BB007BDA34 /* Date&Time */ = {
			isa = PBXGroup;
			children = (
				C2C965951CE458B7007BDA34 /* Date&Time.xib */,
				C2C965981CE45A51007BDA34 /* Date&Time.swift */,
			);
			name = "Date&Time";
			sourceTree = "<group>";
		};
		C2D67FF81CE5FDA000454A46 /* IconButton */ = {
			isa = PBXGroup;
			children = (
				C2E45CE81CE5A1340096BDD1 /* IconButton.xib */,
				C2E45CEA1CE5A22B0096BDD1 /* IconButton.swift */,
			);
			name = IconButton;
			sourceTree = "<group>";
		};
		C2EA3A0E1CDB1E6400122941 /* TextLabel */ = {
			isa = PBXGroup;
			children = (
				C2EA3A0C1CDB1DF500122941 /* TextLabelView.xib */,
				C2EA3A131CDB228F00122941 /* TextLabelView.swift */,
			);
			name = TextLabel;
			sourceTree = "<group>";
		};
		C2EA3A171CDB3BE300122941 /* TextField */ = {
			isa = PBXGroup;
			children = (
				C2EA3A151CDB3B9900122941 /* TextField.swift */,
				C2EA3A181CDB3C1200122941 /* TextField.xib */,
			);
			name = TextField;
			sourceTree = "<group>";
		};
		C2EA3A1C1CDB81CE00122941 /* TypeOfJourney */ = {
			isa = PBXGroup;
			children = (
				C2EA3A1A1CDB790000122941 /* TypeOfJourney.xib */,
				C2CE37D01CDC62EB00A47E70 /* TypeOfJourney.swift */,
			);
			name = TypeOfJourney;
			sourceTree = "<group>";
		};
/* End PBXGroup section */

/* Begin PBXNativeTarget section */
		1A944E031CCB4567007EB5BD /* TraveLibro */ = {
			isa = PBXNativeTarget;
			buildConfigurationList = 1A944E2C1CCB4567007EB5BD /* Build configuration list for PBXNativeTarget "TraveLibro" */;
			buildPhases = (
				1A944E001CCB4567007EB5BD /* Sources */,
				1A944E011CCB4567007EB5BD /* Frameworks */,
				1A944E021CCB4567007EB5BD /* Resources */,
			);
			buildRules = (
			);
			dependencies = (
			);
			name = TraveLibro;
			productName = TraveLibro;
			productReference = 1A944E041CCB4567007EB5BD /* TraveLibro.app */;
			productType = "com.apple.product-type.application";
		};
		1A944E171CCB4567007EB5BD /* TraveLibroTests */ = {
			isa = PBXNativeTarget;
			buildConfigurationList = 1A944E2F1CCB4567007EB5BD /* Build configuration list for PBXNativeTarget "TraveLibroTests" */;
			buildPhases = (
				1A944E141CCB4567007EB5BD /* Sources */,
				1A944E151CCB4567007EB5BD /* Frameworks */,
				1A944E161CCB4567007EB5BD /* Resources */,
			);
			buildRules = (
			);
			dependencies = (
				1A944E1A1CCB4567007EB5BD /* PBXTargetDependency */,
			);
			name = TraveLibroTests;
			productName = TraveLibroTests;
			productReference = 1A944E181CCB4567007EB5BD /* TraveLibroTests.xctest */;
			productType = "com.apple.product-type.bundle.unit-test";
		};
		1A944E221CCB4567007EB5BD /* TraveLibroUITests */ = {
			isa = PBXNativeTarget;
			buildConfigurationList = 1A944E321CCB4567007EB5BD /* Build configuration list for PBXNativeTarget "TraveLibroUITests" */;
			buildPhases = (
				1A944E1F1CCB4567007EB5BD /* Sources */,
				1A944E201CCB4567007EB5BD /* Frameworks */,
				1A944E211CCB4567007EB5BD /* Resources */,
			);
			buildRules = (
			);
			dependencies = (
				1A944E251CCB4567007EB5BD /* PBXTargetDependency */,
			);
			name = TraveLibroUITests;
			productName = TraveLibroUITests;
			productReference = 1A944E231CCB4567007EB5BD /* TraveLibroUITests.xctest */;
			productType = "com.apple.product-type.bundle.ui-testing";
		};
/* End PBXNativeTarget section */

/* Begin PBXProject section */
		1A944DFC1CCB4567007EB5BD /* Project object */ = {
			isa = PBXProject;
			attributes = {
				LastSwiftUpdateCheck = 0730;
				LastUpgradeCheck = 0730;
				ORGANIZATIONNAME = "Wohlig Technology";
				TargetAttributes = {
					1A944E031CCB4567007EB5BD = {
						CreatedOnToolsVersion = 7.3;
						DevelopmentTeam = YVWVDTRG4B;
					};
					1A944E171CCB4567007EB5BD = {
						CreatedOnToolsVersion = 7.3;
						TestTargetID = 1A944E031CCB4567007EB5BD;
					};
					1A944E221CCB4567007EB5BD = {
						CreatedOnToolsVersion = 7.3;
						TestTargetID = 1A944E031CCB4567007EB5BD;
					};
				};
			};
			buildConfigurationList = 1A944DFF1CCB4567007EB5BD /* Build configuration list for PBXProject "TraveLibro" */;
			compatibilityVersion = "Xcode 3.2";
			developmentRegion = English;
			hasScannedForEncodings = 0;
			knownRegions = (
				en,
				Base,
			);
			mainGroup = 1A944DFB1CCB4567007EB5BD;
			productRefGroup = 1A944E051CCB4567007EB5BD /* Products */;
			projectDirPath = "";
			projectRoot = "";
			targets = (
				1A944E031CCB4567007EB5BD /* TraveLibro */,
				1A944E171CCB4567007EB5BD /* TraveLibroTests */,
				1A944E221CCB4567007EB5BD /* TraveLibroUITests */,
			);
		};
/* End PBXProject section */

/* Begin PBXResourcesBuildPhase section */
		1A944E021CCB4567007EB5BD /* Resources */ = {
			isa = PBXResourcesBuildPhase;
			buildActionMask = 2147483647;
			files = (
				1A65E7AB1CD72F1F009374DA /* Avenir-Medium.ttf in Resources */,
				1A944E121CCB4567007EB5BD /* LaunchScreen.storyboard in Resources */,
				1A6C0D961CCF915C00AB8B85 /* VideoPost.xib in Resources */,
				1A65E7A21CD72EB3009374DA /* fontawesome-webfont.ttf in Resources */,
				C2E45CE91CE5A1340096BDD1 /* IconButton.xib in Resources */,
				1A65E7A91CD72F1F009374DA /* Avenir-Heavy.ttf in Resources */,
				C2EA3A1B1CDB790000122941 /* TypeOfJourney.xib in Resources */,
				1A4CA1291CCE234200EE9A90 /* InfoCircle.xib in Resources */,
				1A944E381CCB5AFA007EB5BD /* FooterView.xib in Resources */,
				1A65E7AC1CD72F1F009374DA /* Avenir-Roman.ttf in Resources */,
				1A944E0F1CCB4567007EB5BD /* Assets.xcassets in Resources */,
				1A3E4DC61CD3970000105C3D /* TripSummaryProfile.xib in Resources */,
				1A65E7AA1CD72F1F009374DA /* Avenir-Light.ttf in Resources */,
				1A4CA11E1CCE180C00EE9A90 /* AddCircle.xib in Resources */,
				1A944E3D1CCB5D92007EB5BD /* OrangeButton.xib in Resources */,
				1A944E471CCB8C8B007EB5BD /* JourneyTitleView.xib in Resources */,
				C25443531CD740D200C2C6CD /* StartJourneyImage.xib in Resources */,
				C2EA3A191CDB3C1200122941 /* TextField.xib in Resources */,
				C2DCB36A1CE701A4006E5CBD /* TripSummaryItinerary.xib in Resources */,
				C2C965961CE458B7007BDA34 /* Date&Time.xib in Resources */,
				C2EA3A0D1CDB1DF500122941 /* TextLabelView.xib in Resources */,
				C2776A281CD785DF00FE066A /* ShoesOTG.xib in Resources */,
				1A65E7A81CD72F1F009374DA /* Avenir-Black.ttf in Resources */,
				C20A39961CE34AD0002EF1E6 /* FriendView.xib in Resources */,
				1A944E0D1CCB4567007EB5BD /* Main.storyboard in Resources */,
			);
			runOnlyForDeploymentPostprocessing = 0;
		};
		1A944E161CCB4567007EB5BD /* Resources */ = {
			isa = PBXResourcesBuildPhase;
			buildActionMask = 2147483647;
			files = (
			);
			runOnlyForDeploymentPostprocessing = 0;
		};
		1A944E211CCB4567007EB5BD /* Resources */ = {
			isa = PBXResourcesBuildPhase;
			buildActionMask = 2147483647;
			files = (
			);
			runOnlyForDeploymentPostprocessing = 0;
		};
/* End PBXResourcesBuildPhase section */

/* Begin PBXSourcesBuildPhase section */
		1A944E001CCB4567007EB5BD /* Sources */ = {
			isa = PBXSourcesBuildPhase;
			buildActionMask = 2147483647;
			files = (
				C2D67FF71CE5FD7500454A46 /* CollectionViewController.swift in Sources */,
				C2DCB36E1CE723C3006E5CBD /* RatingReviewViewController.swift in Sources */,
				1A944E3A1CCB5B88007EB5BD /* FooterView.swift in Sources */,
				C2DA2B5B1CE6076600F15C5C /* MyCollectionViewCell.swift in Sources */,
				C2C965991CE45A51007BDA34 /* Date&Time.swift in Sources */,
				C2DCB2391CE32152000E40DD /* GetFooter.swift in Sources */,
				C2DCB36C1CE7043C006E5CBD /* TripSummaryItinerary.swift in Sources */,
				C2E45CEB1CE5A22B0096BDD1 /* IconButton.swift in Sources */,
				1A944E491CCB8C9F007EB5BD /* JourneyTitleView.swift in Sources */,
				C2C9659B1CE4979D007BDA34 /* CheckInViewController.swift in Sources */,
				1A944E0A1CCB4567007EB5BD /* OTGAddNewViewController.swift in Sources */,
				C2EA3A161CDB3B9900122941 /* TextField.swift in Sources */,
				C2C30D661CE1CD9F001189FC /* AddFriendsViewCell.swift in Sources */,
				1A4CA1201CCE189200EE9A90 /* AddCircle.swift in Sources */,
				C20A39981CE34C8D002EF1E6 /* FriendView.swift in Sources */,
				C2EA3A141CDB228F00122941 /* TextLabelView.swift in Sources */,
				C2C30D641CE1C9C5001189FC /* AddFriendsViewController.swift in Sources */,
				C25443551CD75F2900C2C6CD /* drawLine.swift in Sources */,
				C2CE37D11CDC62EB00A47E70 /* TypeOfJourney.swift in Sources */,
				1A944E441CCB668C007EB5BD /* OrangeButton.swift in Sources */,
				1A3E4DC81CD398BB00105C3D /* TripSummaryProfile.swift in Sources */,
				1A4CA12B1CCE239000EE9A90 /* InfoCircle.swift in Sources */,
				C284277C1CE07445003672E9 /* Styles.swift in Sources */,
				C25443501CD7391900C2C6CD /* OnTheGoViewController.swift in Sources */,
				C2DCB2371CE30ED0000E40DD /* TripSummaryViewController.swift in Sources */,
				C2C9659D1CE4AEB2007BDA34 /* ThoughtsViewController.swift in Sources */,
				C2776A2B1CD78B5100FE066A /* ShoesOTG.swift in Sources */,
				1A944E081CCB4567007EB5BD /* AppDelegate.swift in Sources */,
				1A3E4DC31CD33B8F00105C3D /* VideoPost.swift in Sources */,
			);
			runOnlyForDeploymentPostprocessing = 0;
		};
		1A944E141CCB4567007EB5BD /* Sources */ = {
			isa = PBXSourcesBuildPhase;
			buildActionMask = 2147483647;
			files = (
				1A944E1D1CCB4567007EB5BD /* TraveLibroTests.swift in Sources */,
			);
			runOnlyForDeploymentPostprocessing = 0;
		};
		1A944E1F1CCB4567007EB5BD /* Sources */ = {
			isa = PBXSourcesBuildPhase;
			buildActionMask = 2147483647;
			files = (
				1A944E281CCB4567007EB5BD /* TraveLibroUITests.swift in Sources */,
			);
			runOnlyForDeploymentPostprocessing = 0;
		};
/* End PBXSourcesBuildPhase section */

/* Begin PBXTargetDependency section */
		1A944E1A1CCB4567007EB5BD /* PBXTargetDependency */ = {
			isa = PBXTargetDependency;
			target = 1A944E031CCB4567007EB5BD /* TraveLibro */;
			targetProxy = 1A944E191CCB4567007EB5BD /* PBXContainerItemProxy */;
		};
		1A944E251CCB4567007EB5BD /* PBXTargetDependency */ = {
			isa = PBXTargetDependency;
			target = 1A944E031CCB4567007EB5BD /* TraveLibro */;
			targetProxy = 1A944E241CCB4567007EB5BD /* PBXContainerItemProxy */;
		};
/* End PBXTargetDependency section */

/* Begin PBXVariantGroup section */
		1A944E0B1CCB4567007EB5BD /* Main.storyboard */ = {
			isa = PBXVariantGroup;
			children = (
				1A944E0C1CCB4567007EB5BD /* Base */,
			);
			name = Main.storyboard;
			sourceTree = "<group>";
		};
		1A944E101CCB4567007EB5BD /* LaunchScreen.storyboard */ = {
			isa = PBXVariantGroup;
			children = (
				1A944E111CCB4567007EB5BD /* Base */,
			);
			name = LaunchScreen.storyboard;
			sourceTree = "<group>";
		};
/* End PBXVariantGroup section */

/* Begin XCBuildConfiguration section */
		1A944E2A1CCB4567007EB5BD /* Debug */ = {
			isa = XCBuildConfiguration;
			buildSettings = {
				ALWAYS_SEARCH_USER_PATHS = NO;
				CLANG_ANALYZER_NONNULL = YES;
				CLANG_CXX_LANGUAGE_STANDARD = "gnu++0x";
				CLANG_CXX_LIBRARY = "libc++";
				CLANG_ENABLE_MODULES = YES;
				CLANG_ENABLE_OBJC_ARC = YES;
				CLANG_WARN_BOOL_CONVERSION = YES;
				CLANG_WARN_CONSTANT_CONVERSION = YES;
				CLANG_WARN_DIRECT_OBJC_ISA_USAGE = YES_ERROR;
				CLANG_WARN_EMPTY_BODY = YES;
				CLANG_WARN_ENUM_CONVERSION = YES;
				CLANG_WARN_INT_CONVERSION = YES;
				CLANG_WARN_OBJC_ROOT_CLASS = YES_ERROR;
				CLANG_WARN_UNREACHABLE_CODE = YES;
				CLANG_WARN__DUPLICATE_METHOD_MATCH = YES;
				"CODE_SIGN_IDENTITY[sdk=iphoneos*]" = "iPhone Developer";
				COPY_PHASE_STRIP = NO;
				DEBUG_INFORMATION_FORMAT = dwarf;
				ENABLE_STRICT_OBJC_MSGSEND = YES;
				ENABLE_TESTABILITY = YES;
				GCC_C_LANGUAGE_STANDARD = gnu99;
				GCC_DYNAMIC_NO_PIC = NO;
				GCC_NO_COMMON_BLOCKS = YES;
				GCC_OPTIMIZATION_LEVEL = 0;
				GCC_PREPROCESSOR_DEFINITIONS = (
					"DEBUG=1",
					"$(inherited)",
				);
				GCC_WARN_64_TO_32_BIT_CONVERSION = YES;
				GCC_WARN_ABOUT_RETURN_TYPE = YES_ERROR;
				GCC_WARN_UNDECLARED_SELECTOR = YES;
				GCC_WARN_UNINITIALIZED_AUTOS = YES_AGGRESSIVE;
				GCC_WARN_UNUSED_FUNCTION = YES;
				GCC_WARN_UNUSED_VARIABLE = YES;
				IPHONEOS_DEPLOYMENT_TARGET = 9.3;
				MTL_ENABLE_DEBUG_INFO = YES;
				ONLY_ACTIVE_ARCH = YES;
				SDKROOT = iphoneos;
				SWIFT_OPTIMIZATION_LEVEL = "-Onone";
			};
			name = Debug;
		};
		1A944E2B1CCB4567007EB5BD /* Release */ = {
			isa = XCBuildConfiguration;
			buildSettings = {
				ALWAYS_SEARCH_USER_PATHS = NO;
				CLANG_ANALYZER_NONNULL = YES;
				CLANG_CXX_LANGUAGE_STANDARD = "gnu++0x";
				CLANG_CXX_LIBRARY = "libc++";
				CLANG_ENABLE_MODULES = YES;
				CLANG_ENABLE_OBJC_ARC = YES;
				CLANG_WARN_BOOL_CONVERSION = YES;
				CLANG_WARN_CONSTANT_CONVERSION = YES;
				CLANG_WARN_DIRECT_OBJC_ISA_USAGE = YES_ERROR;
				CLANG_WARN_EMPTY_BODY = YES;
				CLANG_WARN_ENUM_CONVERSION = YES;
				CLANG_WARN_INT_CONVERSION = YES;
				CLANG_WARN_OBJC_ROOT_CLASS = YES_ERROR;
				CLANG_WARN_UNREACHABLE_CODE = YES;
				CLANG_WARN__DUPLICATE_METHOD_MATCH = YES;
				"CODE_SIGN_IDENTITY[sdk=iphoneos*]" = "iPhone Developer";
				COPY_PHASE_STRIP = NO;
				DEBUG_INFORMATION_FORMAT = "dwarf-with-dsym";
				ENABLE_NS_ASSERTIONS = NO;
				ENABLE_STRICT_OBJC_MSGSEND = YES;
				GCC_C_LANGUAGE_STANDARD = gnu99;
				GCC_NO_COMMON_BLOCKS = YES;
				GCC_WARN_64_TO_32_BIT_CONVERSION = YES;
				GCC_WARN_ABOUT_RETURN_TYPE = YES_ERROR;
				GCC_WARN_UNDECLARED_SELECTOR = YES;
				GCC_WARN_UNINITIALIZED_AUTOS = YES_AGGRESSIVE;
				GCC_WARN_UNUSED_FUNCTION = YES;
				GCC_WARN_UNUSED_VARIABLE = YES;
				IPHONEOS_DEPLOYMENT_TARGET = 9.3;
				MTL_ENABLE_DEBUG_INFO = NO;
				SDKROOT = iphoneos;
				VALIDATE_PRODUCT = YES;
			};
			name = Release;
		};
		1A944E2D1CCB4567007EB5BD /* Debug */ = {
			isa = XCBuildConfiguration;
			buildSettings = {
				ASSETCATALOG_COMPILER_APPICON_NAME = AppIcon;
				CODE_SIGN_IDENTITY = "iPhone Developer";
				"CODE_SIGN_IDENTITY[sdk=iphoneos*]" = "iPhone Developer";
				INFOPLIST_FILE = TraveLibro/Info.plist;
				LD_RUNPATH_SEARCH_PATHS = "$(inherited) @executable_path/Frameworks";
				PRODUCT_BUNDLE_IDENTIFIER = com.wohlig.TraveLibro;
				PRODUCT_NAME = "$(TARGET_NAME)";
				PROVISIONING_PROFILE = "";
				TARGETED_DEVICE_FAMILY = 1;
			};
			name = Debug;
		};
		1A944E2E1CCB4567007EB5BD /* Release */ = {
			isa = XCBuildConfiguration;
			buildSettings = {
				ASSETCATALOG_COMPILER_APPICON_NAME = AppIcon;
				CODE_SIGN_IDENTITY = "iPhone Developer";
				"CODE_SIGN_IDENTITY[sdk=iphoneos*]" = "iPhone Developer";
				INFOPLIST_FILE = TraveLibro/Info.plist;
				LD_RUNPATH_SEARCH_PATHS = "$(inherited) @executable_path/Frameworks";
				PRODUCT_BUNDLE_IDENTIFIER = com.wohlig.TraveLibro;
				PRODUCT_NAME = "$(TARGET_NAME)";
				PROVISIONING_PROFILE = "";
				TARGETED_DEVICE_FAMILY = 1;
			};
			name = Release;
		};
		1A944E301CCB4567007EB5BD /* Debug */ = {
			isa = XCBuildConfiguration;
			buildSettings = {
				BUNDLE_LOADER = "$(TEST_HOST)";
				INFOPLIST_FILE = TraveLibroTests/Info.plist;
				LD_RUNPATH_SEARCH_PATHS = "$(inherited) @executable_path/Frameworks @loader_path/Frameworks";
				PRODUCT_BUNDLE_IDENTIFIER = com.wohlig.TraveLibroTests;
				PRODUCT_NAME = "$(TARGET_NAME)";
				TEST_HOST = "$(BUILT_PRODUCTS_DIR)/TraveLibro.app/TraveLibro";
			};
			name = Debug;
		};
		1A944E311CCB4567007EB5BD /* Release */ = {
			isa = XCBuildConfiguration;
			buildSettings = {
				BUNDLE_LOADER = "$(TEST_HOST)";
				INFOPLIST_FILE = TraveLibroTests/Info.plist;
				LD_RUNPATH_SEARCH_PATHS = "$(inherited) @executable_path/Frameworks @loader_path/Frameworks";
				PRODUCT_BUNDLE_IDENTIFIER = com.wohlig.TraveLibroTests;
				PRODUCT_NAME = "$(TARGET_NAME)";
				TEST_HOST = "$(BUILT_PRODUCTS_DIR)/TraveLibro.app/TraveLibro";
			};
			name = Release;
		};
		1A944E331CCB4567007EB5BD /* Debug */ = {
			isa = XCBuildConfiguration;
			buildSettings = {
				INFOPLIST_FILE = TraveLibroUITests/Info.plist;
				LD_RUNPATH_SEARCH_PATHS = "$(inherited) @executable_path/Frameworks @loader_path/Frameworks";
				PRODUCT_BUNDLE_IDENTIFIER = com.wohlig.TraveLibroUITests;
				PRODUCT_NAME = "$(TARGET_NAME)";
				TEST_TARGET_NAME = TraveLibro;
			};
			name = Debug;
		};
		1A944E341CCB4567007EB5BD /* Release */ = {
			isa = XCBuildConfiguration;
			buildSettings = {
				INFOPLIST_FILE = TraveLibroUITests/Info.plist;
				LD_RUNPATH_SEARCH_PATHS = "$(inherited) @executable_path/Frameworks @loader_path/Frameworks";
				PRODUCT_BUNDLE_IDENTIFIER = com.wohlig.TraveLibroUITests;
				PRODUCT_NAME = "$(TARGET_NAME)";
				TEST_TARGET_NAME = TraveLibro;
			};
			name = Release;
		};
/* End XCBuildConfiguration section */

/* Begin XCConfigurationList section */
		1A944DFF1CCB4567007EB5BD /* Build configuration list for PBXProject "TraveLibro" */ = {
			isa = XCConfigurationList;
			buildConfigurations = (
				1A944E2A1CCB4567007EB5BD /* Debug */,
				1A944E2B1CCB4567007EB5BD /* Release */,
			);
			defaultConfigurationIsVisible = 0;
			defaultConfigurationName = Release;
		};
		1A944E2C1CCB4567007EB5BD /* Build configuration list for PBXNativeTarget "TraveLibro" */ = {
			isa = XCConfigurationList;
			buildConfigurations = (
				1A944E2D1CCB4567007EB5BD /* Debug */,
				1A944E2E1CCB4567007EB5BD /* Release */,
			);
			defaultConfigurationIsVisible = 0;
			defaultConfigurationName = Release;
		};
		1A944E2F1CCB4567007EB5BD /* Build configuration list for PBXNativeTarget "TraveLibroTests" */ = {
			isa = XCConfigurationList;
			buildConfigurations = (
				1A944E301CCB4567007EB5BD /* Debug */,
				1A944E311CCB4567007EB5BD /* Release */,
			);
			defaultConfigurationIsVisible = 0;
			defaultConfigurationName = Release;
		};
		1A944E321CCB4567007EB5BD /* Build configuration list for PBXNativeTarget "TraveLibroUITests" */ = {
			isa = XCConfigurationList;
			buildConfigurations = (
				1A944E331CCB4567007EB5BD /* Debug */,
				1A944E341CCB4567007EB5BD /* Release */,
			);
			defaultConfigurationIsVisible = 0;
			defaultConfigurationName = Release;
		};
/* End XCConfigurationList section */
	};
	rootObject = 1A944DFC1CCB4567007EB5BD /* Project object */;
}
